// !$*UTF8*$!
{
	archiveVersion = 1;
	classes = {
	};
	objectVersion = 46;
	objects = {

/* Begin PBXBuildFile section */
		652EB4A41D8FD18C0059589C /* main.m in Sources */ = {isa = PBXBuildFile; fileRef = 652EB4A31D8FD18C0059589C /* main.m */; };
		652EB4A71D8FD18C0059589C /* AppDelegate.m in Sources */ = {isa = PBXBuildFile; fileRef = 652EB4A61D8FD18C0059589C /* AppDelegate.m */; };
		652EB4AA1D8FD18C0059589C /* ViewController.m in Sources */ = {isa = PBXBuildFile; fileRef = 652EB4A91D8FD18C0059589C /* ViewController.m */; };
		652EB4AD1D8FD18C0059589C /* Main.storyboard in Resources */ = {isa = PBXBuildFile; fileRef = 652EB4AB1D8FD18C0059589C /* Main.storyboard */; };
		652EB4AF1D8FD18C0059589C /* Assets.xcassets in Resources */ = {isa = PBXBuildFile; fileRef = 652EB4AE1D8FD18C0059589C /* Assets.xcassets */; };
		652EB4B21D8FD18C0059589C /* LaunchScreen.storyboard in Resources */ = {isa = PBXBuildFile; fileRef = 652EB4B01D8FD18C0059589C /* LaunchScreen.storyboard */; };
		652EB4BD1D8FD18C0059589C /* ShoppingCarTests.m in Sources */ = {isa = PBXBuildFile; fileRef = 652EB4BC1D8FD18C0059589C /* ShoppingCarTests.m */; };
		652EB4C81D8FD18C0059589C /* ShoppingCarUITests.m in Sources */ = {isa = PBXBuildFile; fileRef = 652EB4C71D8FD18C0059589C /* ShoppingCarUITests.m */; };
		652EB4D71D8FD4790059589C /* ShoppingCell.m in Sources */ = {isa = PBXBuildFile; fileRef = 652EB4D61D8FD4790059589C /* ShoppingCell.m */; };
		65E366A51D90B82A002B8E7B /* ShoppingModel.m in Sources */ = {isa = PBXBuildFile; fileRef = 65E366A41D90B82A002B8E7B /* ShoppingModel.m */; };
		65E366A71D90BAA3002B8E7B /* shopping_json.json in Resources */ = {isa = PBXBuildFile; fileRef = 65E366A61D90BAA3002B8E7B /* shopping_json.json */; };
		65E366AB1D90BC7B002B8E7B /* ShoppingCarHeadView.m in Sources */ = {isa = PBXBuildFile; fileRef = 65E366AA1D90BC7B002B8E7B /* ShoppingCarHeadView.m */; };
		65E366AE1D90BE78002B8E7B /* ShoppingHeaderModel.m in Sources */ = {isa = PBXBuildFile; fileRef = 65E366AD1D90BE78002B8E7B /* ShoppingHeaderModel.m */; };
		65E366B11D90F8D2002B8E7B /* ShoppingCarBottomView.m in Sources */ = {isa = PBXBuildFile; fileRef = 65E366B01D90F8D2002B8E7B /* ShoppingCarBottomView.m */; };
		65E366B41D90F8FE002B8E7B /* ShoppingCarBottomModel.m in Sources */ = {isa = PBXBuildFile; fileRef = 65E366B31D90F8FE002B8E7B /* ShoppingCarBottomModel.m */; };
		B8BDC9EEB302CF34588B5D55 /* libPods.a in Frameworks */ = {isa = PBXBuildFile; fileRef = 0B989BD9E836E46A3D8480AE /* libPods.a */; };
/* End PBXBuildFile section */

/* Begin PBXContainerItemProxy section */
		652EB4B91D8FD18C0059589C /* PBXContainerItemProxy */ = {
			isa = PBXContainerItemProxy;
			containerPortal = 652EB4971D8FD18C0059589C /* Project object */;
			proxyType = 1;
			remoteGlobalIDString = 652EB49E1D8FD18C0059589C;
			remoteInfo = ShoppingCar;
		};
		652EB4C41D8FD18C0059589C /* PBXContainerItemProxy */ = {
			isa = PBXContainerItemProxy;
			containerPortal = 652EB4971D8FD18C0059589C /* Project object */;
			proxyType = 1;
			remoteGlobalIDString = 652EB49E1D8FD18C0059589C;
			remoteInfo = ShoppingCar;
		};
/* End PBXContainerItemProxy section */

/* Begin PBXFileReference section */
		0B989BD9E836E46A3D8480AE /* libPods.a */ = {isa = PBXFileReference; explicitFileType = archive.ar; includeInIndex = 0; path = libPods.a; sourceTree = BUILT_PRODUCTS_DIR; };
		561FC572160984942B40E79E /* Pods.debug.xcconfig */ = {isa = PBXFileReference; includeInIndex = 1; lastKnownFileType = text.xcconfig; name = Pods.debug.xcconfig; path = "Pods/Target Support Files/Pods/Pods.debug.xcconfig"; sourceTree = "<group>"; };
		652EB49F1D8FD18C0059589C /* ShoppingCar.app */ = {isa = PBXFileReference; explicitFileType = wrapper.application; includeInIndex = 0; path = ShoppingCar.app; sourceTree = BUILT_PRODUCTS_DIR; };
		652EB4A31D8FD18C0059589C /* main.m */ = {isa = PBXFileReference; lastKnownFileType = sourcecode.c.objc; path = main.m; sourceTree = "<group>"; };
		652EB4A51D8FD18C0059589C /* AppDelegate.h */ = {isa = PBXFileReference; lastKnownFileType = sourcecode.c.h; path = AppDelegate.h; sourceTree = "<group>"; };
		652EB4A61D8FD18C0059589C /* AppDelegate.m */ = {isa = PBXFileReference; lastKnownFileType = sourcecode.c.objc; path = AppDelegate.m; sourceTree = "<group>"; };
		652EB4A81D8FD18C0059589C /* ViewController.h */ = {isa = PBXFileReference; lastKnownFileType = sourcecode.c.h; path = ViewController.h; sourceTree = "<group>"; };
		652EB4A91D8FD18C0059589C /* ViewController.m */ = {isa = PBXFileReference; lastKnownFileType = sourcecode.c.objc; path = ViewController.m; sourceTree = "<group>"; };
		652EB4AC1D8FD18C0059589C /* Base */ = {isa = PBXFileReference; lastKnownFileType = file.storyboard; name = Base; path = Base.lproj/Main.storyboard; sourceTree = "<group>"; };
		652EB4AE1D8FD18C0059589C /* Assets.xcassets */ = {isa = PBXFileReference; lastKnownFileType = folder.assetcatalog; path = Assets.xcassets; sourceTree = "<group>"; };
		652EB4B11D8FD18C0059589C /* Base */ = {isa = PBXFileReference; lastKnownFileType = file.storyboard; name = Base; path = Base.lproj/LaunchScreen.storyboard; sourceTree = "<group>"; };
		652EB4B31D8FD18C0059589C /* Info.plist */ = {isa = PBXFileReference; lastKnownFileType = text.plist.xml; path = Info.plist; sourceTree = "<group>"; };
		652EB4B81D8FD18C0059589C /* ShoppingCarTests.xctest */ = {isa = PBXFileReference; explicitFileType = wrapper.cfbundle; includeInIndex = 0; path = ShoppingCarTests.xctest; sourceTree = BUILT_PRODUCTS_DIR; };
		652EB4BC1D8FD18C0059589C /* ShoppingCarTests.m */ = {isa = PBXFileReference; lastKnownFileType = sourcecode.c.objc; path = ShoppingCarTests.m; sourceTree = "<group>"; };
		652EB4BE1D8FD18C0059589C /* Info.plist */ = {isa = PBXFileReference; lastKnownFileType = text.plist.xml; path = Info.plist; sourceTree = "<group>"; };
		652EB4C31D8FD18C0059589C /* ShoppingCarUITests.xctest */ = {isa = PBXFileReference; explicitFileType = wrapper.cfbundle; includeInIndex = 0; path = ShoppingCarUITests.xctest; sourceTree = BUILT_PRODUCTS_DIR; };
		652EB4C71D8FD18C0059589C /* ShoppingCarUITests.m */ = {isa = PBXFileReference; lastKnownFileType = sourcecode.c.objc; path = ShoppingCarUITests.m; sourceTree = "<group>"; };
		652EB4C91D8FD18C0059589C /* Info.plist */ = {isa = PBXFileReference; lastKnownFileType = text.plist.xml; path = Info.plist; sourceTree = "<group>"; };
		652EB4D51D8FD4790059589C /* ShoppingCell.h */ = {isa = PBXFileReference; fileEncoding = 4; lastKnownFileType = sourcecode.c.h; path = ShoppingCell.h; sourceTree = "<group>"; };
		652EB4D61D8FD4790059589C /* ShoppingCell.m */ = {isa = PBXFileReference; fileEncoding = 4; lastKnownFileType = sourcecode.c.objc; path = ShoppingCell.m; sourceTree = "<group>"; };
		65E366A31D90B82A002B8E7B /* ShoppingModel.h */ = {isa = PBXFileReference; fileEncoding = 4; lastKnownFileType = sourcecode.c.h; path = ShoppingModel.h; sourceTree = "<group>"; };
		65E366A41D90B82A002B8E7B /* ShoppingModel.m */ = {isa = PBXFileReference; fileEncoding = 4; lastKnownFileType = sourcecode.c.objc; path = ShoppingModel.m; sourceTree = "<group>"; };
		65E366A61D90BAA3002B8E7B /* shopping_json.json */ = {isa = PBXFileReference; fileEncoding = 4; lastKnownFileType = text.json; name = shopping_json.json; path = "../../xiangmu/YiJie_1.0 3/YJClasses/YJ_05购物车/Model/shopping_json.json"; sourceTree = "<group>"; };
		65E366A91D90BC7B002B8E7B /* ShoppingCarHeadView.h */ = {isa = PBXFileReference; fileEncoding = 4; lastKnownFileType = sourcecode.c.h; path = ShoppingCarHeadView.h; sourceTree = "<group>"; };
		65E366AA1D90BC7B002B8E7B /* ShoppingCarHeadView.m */ = {isa = PBXFileReference; fileEncoding = 4; lastKnownFileType = sourcecode.c.objc; path = ShoppingCarHeadView.m; sourceTree = "<group>"; };
		65E366AC1D90BE78002B8E7B /* ShoppingHeaderModel.h */ = {isa = PBXFileReference; fileEncoding = 4; lastKnownFileType = sourcecode.c.h; path = ShoppingHeaderModel.h; sourceTree = "<group>"; };
		65E366AD1D90BE78002B8E7B /* ShoppingHeaderModel.m */ = {isa = PBXFileReference; fileEncoding = 4; lastKnownFileType = sourcecode.c.objc; path = ShoppingHeaderModel.m; sourceTree = "<group>"; };
		65E366AF1D90F8D2002B8E7B /* ShoppingCarBottomView.h */ = {isa = PBXFileReference; fileEncoding = 4; lastKnownFileType = sourcecode.c.h; path = ShoppingCarBottomView.h; sourceTree = "<group>"; };
		65E366B01D90F8D2002B8E7B /* ShoppingCarBottomView.m */ = {isa = PBXFileReference; fileEncoding = 4; lastKnownFileType = sourcecode.c.objc; path = ShoppingCarBottomView.m; sourceTree = "<group>"; };
		65E366B21D90F8FE002B8E7B /* ShoppingCarBottomModel.h */ = {isa = PBXFileReference; fileEncoding = 4; lastKnownFileType = sourcecode.c.h; path = ShoppingCarBottomModel.h; sourceTree = "<group>"; };
		65E366B31D90F8FE002B8E7B /* ShoppingCarBottomModel.m */ = {isa = PBXFileReference; fileEncoding = 4; lastKnownFileType = sourcecode.c.objc; path = ShoppingCarBottomModel.m; sourceTree = "<group>"; };
		E6A48A54635951D86B543C2F /* Pods.release.xcconfig */ = {isa = PBXFileReference; includeInIndex = 1; lastKnownFileType = text.xcconfig; name = Pods.release.xcconfig; path = "Pods/Target Support Files/Pods/Pods.release.xcconfig"; sourceTree = "<group>"; };
/* End PBXFileReference section */

/* Begin PBXFrameworksBuildPhase section */
		652EB49C1D8FD18C0059589C /* Frameworks */ = {
			isa = PBXFrameworksBuildPhase;
			buildActionMask = 2147483647;
			files = (
				B8BDC9EEB302CF34588B5D55 /* libPods.a in Frameworks */,
			);
			runOnlyForDeploymentPostprocessing = 0;
		};
		652EB4B51D8FD18C0059589C /* Frameworks */ = {
			isa = PBXFrameworksBuildPhase;
			buildActionMask = 2147483647;
			files = (
			);
			runOnlyForDeploymentPostprocessing = 0;
		};
		652EB4C01D8FD18C0059589C /* Frameworks */ = {
			isa = PBXFrameworksBuildPhase;
			buildActionMask = 2147483647;
			files = (
			);
			runOnlyForDeploymentPostprocessing = 0;
		};
/* End PBXFrameworksBuildPhase section */

/* Begin PBXGroup section */
		652EB4961D8FD18C0059589C = {
			isa = PBXGroup;
			children = (
				652EB4A11D8FD18C0059589C /* ShoppingCar */,
				652EB4BB1D8FD18C0059589C /* ShoppingCarTests */,
				652EB4C61D8FD18C0059589C /* ShoppingCarUITests */,
				652EB4A01D8FD18C0059589C /* Products */,
				FA03049FCB414503AC251FD1 /* Pods */,
				94D85E002ED7DE33720F3A97 /* Frameworks */,
			);
			sourceTree = "<group>";
		};
		652EB4A01D8FD18C0059589C /* Products */ = {
			isa = PBXGroup;
			children = (
				652EB49F1D8FD18C0059589C /* ShoppingCar.app */,
				652EB4B81D8FD18C0059589C /* ShoppingCarTests.xctest */,
				652EB4C31D8FD18C0059589C /* ShoppingCarUITests.xctest */,
			);
			name = Products;
			sourceTree = "<group>";
		};
		652EB4A11D8FD18C0059589C /* ShoppingCar */ = {
			isa = PBXGroup;
			children = (
				65E366A81D90BB68002B8E7B /* Classes */,
				652EB4A51D8FD18C0059589C /* AppDelegate.h */,
				652EB4A61D8FD18C0059589C /* AppDelegate.m */,
				652EB4AB1D8FD18C0059589C /* Main.storyboard */,
				652EB4AE1D8FD18C0059589C /* Assets.xcassets */,
				652EB4B01D8FD18C0059589C /* LaunchScreen.storyboard */,
				652EB4B31D8FD18C0059589C /* Info.plist */,
				652EB4A21D8FD18C0059589C /* Supporting Files */,
			);
			path = ShoppingCar;
			sourceTree = "<group>";
		};
		652EB4A21D8FD18C0059589C /* Supporting Files */ = {
			isa = PBXGroup;
			children = (
				652EB4A31D8FD18C0059589C /* main.m */,
			);
			name = "Supporting Files";
			sourceTree = "<group>";
		};
		652EB4BB1D8FD18C0059589C /* ShoppingCarTests */ = {
			isa = PBXGroup;
			children = (
				652EB4BC1D8FD18C0059589C /* ShoppingCarTests.m */,
				652EB4BE1D8FD18C0059589C /* Info.plist */,
			);
			path = ShoppingCarTests;
			sourceTree = "<group>";
		};
		652EB4C61D8FD18C0059589C /* ShoppingCarUITests */ = {
			isa = PBXGroup;
			children = (
				652EB4C71D8FD18C0059589C /* ShoppingCarUITests.m */,
				652EB4C91D8FD18C0059589C /* Info.plist */,
			);
			path = ShoppingCarUITests;
			sourceTree = "<group>";
		};
		65E366A81D90BB68002B8E7B /* Classes */ = {
			isa = PBXGroup;
			children = (
				65E366B71D917714002B8E7B /* Model */,
				65E366B61D917704002B8E7B /* View */,
				65E366B51D9176F2002B8E7B /* Controller */,
			);
			name = Classes;
			sourceTree = "<group>";
		};
		65E366B51D9176F2002B8E7B /* Controller */ = {
			isa = PBXGroup;
			children = (
				652EB4A81D8FD18C0059589C /* ViewController.h */,
				652EB4A91D8FD18C0059589C /* ViewController.m */,
			);
			name = Controller;
			sourceTree = "<group>";
		};
		65E366B61D917704002B8E7B /* View */ = {
			isa = PBXGroup;
			children = (
				652EB4D51D8FD4790059589C /* ShoppingCell.h */,
				652EB4D61D8FD4790059589C /* ShoppingCell.m */,
				65E366A91D90BC7B002B8E7B /* ShoppingCarHeadView.h */,
				65E366AA1D90BC7B002B8E7B /* ShoppingCarHeadView.m */,
				65E366AF1D90F8D2002B8E7B /* ShoppingCarBottomView.h */,
				65E366B01D90F8D2002B8E7B /* ShoppingCarBottomView.m */,
			);
			name = View;
			sourceTree = "<group>";
		};
		65E366B71D917714002B8E7B /* Model */ = {
			isa = PBXGroup;
			children = (
				65E366A61D90BAA3002B8E7B /* shopping_json.json */,
				65E366A31D90B82A002B8E7B /* ShoppingModel.h */,
				65E366A41D90B82A002B8E7B /* ShoppingModel.m */,
				65E366AC1D90BE78002B8E7B /* ShoppingHeaderModel.h */,
				65E366AD1D90BE78002B8E7B /* ShoppingHeaderModel.m */,
				65E366B21D90F8FE002B8E7B /* ShoppingCarBottomModel.h */,
				65E366B31D90F8FE002B8E7B /* ShoppingCarBottomModel.m */,
			);
			name = Model;
			sourceTree = "<group>";
		};
		94D85E002ED7DE33720F3A97 /* Frameworks */ = {
			isa = PBXGroup;
			children = (
				0B989BD9E836E46A3D8480AE /* libPods.a */,
			);
			name = Frameworks;
			sourceTree = "<group>";
		};
		FA03049FCB414503AC251FD1 /* Pods */ = {
			isa = PBXGroup;
			children = (
				561FC572160984942B40E79E /* Pods.debug.xcconfig */,
				E6A48A54635951D86B543C2F /* Pods.release.xcconfig */,
			);
			name = Pods;
			sourceTree = "<group>";
		};
/* End PBXGroup section */

/* Begin PBXNativeTarget section */
		652EB49E1D8FD18C0059589C /* ShoppingCar */ = {
			isa = PBXNativeTarget;
			buildConfigurationList = 652EB4CC1D8FD18C0059589C /* Build configuration list for PBXNativeTarget "ShoppingCar" */;
			buildPhases = (
				563CBC6B0F8874521F10C28F /* Check Pods Manifest.lock */,
				652EB49B1D8FD18C0059589C /* Sources */,
				652EB49C1D8FD18C0059589C /* Frameworks */,
				652EB49D1D8FD18C0059589C /* Resources */,
				108358D19994831A3C940937 /* Embed Pods Frameworks */,
				9B31A33651A5F965F201548A /* Copy Pods Resources */,
			);
			buildRules = (
			);
			dependencies = (
			);
			name = ShoppingCar;
			productName = ShoppingCar;
			productReference = 652EB49F1D8FD18C0059589C /* ShoppingCar.app */;
			productType = "com.apple.product-type.application";
		};
		652EB4B71D8FD18C0059589C /* ShoppingCarTests */ = {
			isa = PBXNativeTarget;
			buildConfigurationList = 652EB4CF1D8FD18C0059589C /* Build configuration list for PBXNativeTarget "ShoppingCarTests" */;
			buildPhases = (
				652EB4B41D8FD18C0059589C /* Sources */,
				652EB4B51D8FD18C0059589C /* Frameworks */,
				652EB4B61D8FD18C0059589C /* Resources */,
			);
			buildRules = (
			);
			dependencies = (
				652EB4BA1D8FD18C0059589C /* PBXTargetDependency */,
			);
			name = ShoppingCarTests;
			productName = ShoppingCarTests;
			productReference = 652EB4B81D8FD18C0059589C /* ShoppingCarTests.xctest */;
			productType = "com.apple.product-type.bundle.unit-test";
		};
		652EB4C21D8FD18C0059589C /* ShoppingCarUITests */ = {
			isa = PBXNativeTarget;
			buildConfigurationList = 652EB4D21D8FD18C0059589C /* Build configuration list for PBXNativeTarget "ShoppingCarUITests" */;
			buildPhases = (
				652EB4BF1D8FD18C0059589C /* Sources */,
				652EB4C01D8FD18C0059589C /* Frameworks */,
				652EB4C11D8FD18C0059589C /* Resources */,
			);
			buildRules = (
			);
			dependencies = (
				652EB4C51D8FD18C0059589C /* PBXTargetDependency */,
			);
			name = ShoppingCarUITests;
			productName = ShoppingCarUITests;
			productReference = 652EB4C31D8FD18C0059589C /* ShoppingCarUITests.xctest */;
			productType = "com.apple.product-type.bundle.ui-testing";
		};
/* End PBXNativeTarget section */

/* Begin PBXProject section */
		652EB4971D8FD18C0059589C /* Project object */ = {
			isa = PBXProject;
			attributes = {
				LastUpgradeCheck = 0730;
				ORGANIZATIONNAME = DY;
				TargetAttributes = {
					652EB49E1D8FD18C0059589C = {
						CreatedOnToolsVersion = 7.3.1;
					};
					652EB4B71D8FD18C0059589C = {
						CreatedOnToolsVersion = 7.3.1;
						TestTargetID = 652EB49E1D8FD18C0059589C;
					};
					652EB4C21D8FD18C0059589C = {
						CreatedOnToolsVersion = 7.3.1;
						TestTargetID = 652EB49E1D8FD18C0059589C;
					};
				};
			};
			buildConfigurationList = 652EB49A1D8FD18C0059589C /* Build configuration list for PBXProject "ShoppingCar" */;
			compatibilityVersion = "Xcode 3.2";
			developmentRegion = English;
			hasScannedForEncodings = 0;
			knownRegions = (
				en,
				Base,
			);
			mainGroup = 652EB4961D8FD18C0059589C;
			productRefGroup = 652EB4A01D8FD18C0059589C /* Products */;
			projectDirPath = "";
			projectRoot = "";
			targets = (
				652EB49E1D8FD18C0059589C /* ShoppingCar */,
				652EB4B71D8FD18C0059589C /* ShoppingCarTests */,
				652EB4C21D8FD18C0059589C /* ShoppingCarUITests */,
			);
		};
/* End PBXProject section */

/* Begin PBXResourcesBuildPhase section */
		652EB49D1D8FD18C0059589C /* Resources */ = {
			isa = PBXResourcesBuildPhase;
			buildActionMask = 2147483647;
			files = (
				652EB4B21D8FD18C0059589C /* LaunchScreen.storyboard in Resources */,
				652EB4AF1D8FD18C0059589C /* Assets.xcassets in Resources */,
				652EB4AD1D8FD18C0059589C /* Main.storyboard in Resources */,
				65E366A71D90BAA3002B8E7B /* shopping_json.json in Resources */,
			);
			runOnlyForDeploymentPostprocessing = 0;
		};
		652EB4B61D8FD18C0059589C /* Resources */ = {
			isa = PBXResourcesBuildPhase;
			buildActionMask = 2147483647;
			files = (
			);
			runOnlyForDeploymentPostprocessing = 0;
		};
		652EB4C11D8FD18C0059589C /* Resources */ = {
			isa = PBXResourcesBuildPhase;
			buildActionMask = 2147483647;
			files = (
			);
			runOnlyForDeploymentPostprocessing = 0;
		};
/* End PBXResourcesBuildPhase section */

/* Begin PBXShellScriptBuildPhase section */
		108358D19994831A3C940937 /* Embed Pods Frameworks */ = {
			isa = PBXShellScriptBuildPhase;
			buildActionMask = 2147483647;
			files = (
			);
			inputPaths = (
			);
			name = "Embed Pods Frameworks";
			outputPaths = (
			);
			runOnlyForDeploymentPostprocessing = 0;
			shellPath = /bin/sh;
			shellScript = "\"${SRCROOT}/Pods/Target Support Files/Pods/Pods-frameworks.sh\"\n";
			showEnvVarsInLog = 0;
		};
		563CBC6B0F8874521F10C28F /* Check Pods Manifest.lock */ = {
			isa = PBXShellScriptBuildPhase;
			buildActionMask = 2147483647;
			files = (
			);
			inputPaths = (
			);
			name = "Check Pods Manifest.lock";
			outputPaths = (
			);
			runOnlyForDeploymentPostprocessing = 0;
			shellPath = /bin/sh;
			shellScript = "diff \"${PODS_ROOT}/../Podfile.lock\" \"${PODS_ROOT}/Manifest.lock\" > /dev/null\nif [[ $? != 0 ]] ; then\n    cat << EOM\nerror: The sandbox is not in sync with the Podfile.lock. Run 'pod install' or update your CocoaPods installation.\nEOM\n    exit 1\nfi\n";
			showEnvVarsInLog = 0;
		};
		9B31A33651A5F965F201548A /* Copy Pods Resources */ = {
			isa = PBXShellScriptBuildPhase;
			buildActionMask = 2147483647;
			files = (
			);
			inputPaths = (
			);
			name = "Copy Pods Resources";
			outputPaths = (
			);
			runOnlyForDeploymentPostprocessing = 0;
			shellPath = /bin/sh;
			shellScript = "\"${SRCROOT}/Pods/Target Support Files/Pods/Pods-resources.sh\"\n";
			showEnvVarsInLog = 0;
		};
/* End PBXShellScriptBuildPhase section */

/* Begin PBXSourcesBuildPhase section */
		652EB49B1D8FD18C0059589C /* Sources */ = {
			isa = PBXSourcesBuildPhase;
			buildActionMask = 2147483647;
			files = (
				65E366B11D90F8D2002B8E7B /* ShoppingCarBottomView.m in Sources */,
				65E366B41D90F8FE002B8E7B /* ShoppingCarBottomModel.m in Sources */,
				652EB4AA1D8FD18C0059589C /* ViewController.m in Sources */,
				652EB4D71D8FD4790059589C /* ShoppingCell.m in Sources */,
				652EB4A71D8FD18C0059589C /* AppDelegate.m in Sources */,
				65E366AB1D90BC7B002B8E7B /* ShoppingCarHeadView.m in Sources */,
				65E366AE1D90BE78002B8E7B /* ShoppingHeaderModel.m in Sources */,
				652EB4A41D8FD18C0059589C /* main.m in Sources */,
				65E366A51D90B82A002B8E7B /* ShoppingModel.m in Sources */,
			);
			runOnlyForDeploymentPostprocessing = 0;
		};
		652EB4B41D8FD18C0059589C /* Sources */ = {
			isa = PBXSourcesBuildPhase;
			buildActionMask = 2147483647;
			files = (
				652EB4BD1D8FD18C0059589C /* ShoppingCarTests.m in Sources */,
			);
			runOnlyForDeploymentPostprocessing = 0;
		};
		652EB4BF1D8FD18C0059589C /* Sources */ = {
			isa = PBXSourcesBuildPhase;
			buildActionMask = 2147483647;
			files = (
				652EB4C81D8FD18C0059589C /* ShoppingCarUITests.m in Sources */,
			);
			runOnlyForDeploymentPostprocessing = 0;
		};
/* End PBXSourcesBuildPhase section */

/* Begin PBXTargetDependency section */
		652EB4BA1D8FD18C0059589C /* PBXTargetDependency */ = {
			isa = PBXTargetDependency;
			target = 652EB49E1D8FD18C0059589C /* ShoppingCar */;
			targetProxy = 652EB4B91D8FD18C0059589C /* PBXContainerItemProxy */;
		};
		652EB4C51D8FD18C0059589C /* PBXTargetDependency */ = {
			isa = PBXTargetDependency;
			target = 652EB49E1D8FD18C0059589C /* ShoppingCar */;
			targetProxy = 652EB4C41D8FD18C0059589C /* PBXContainerItemProxy */;
		};
/* End PBXTargetDependency section */

/* Begin PBXVariantGroup section */
		652EB4AB1D8FD18C0059589C /* Main.storyboard */ = {
			isa = PBXVariantGroup;
			children = (
				652EB4AC1D8FD18C0059589C /* Base */,
			);
			name = Main.storyboard;
			sourceTree = "<group>";
		};
		652EB4B01D8FD18C0059589C /* LaunchScreen.storyboard */ = {
			isa = PBXVariantGroup;
			children = (
				652EB4B11D8FD18C0059589C /* Base */,
			);
			name = LaunchScreen.storyboard;
			sourceTree = "<group>";
		};
/* End PBXVariantGroup section */

/* Begin XCBuildConfiguration section */
		652EB4CA1D8FD18C0059589C /* Debug */ = {
			isa = XCBuildConfiguration;
			buildSettings = {
				ALWAYS_SEARCH_USER_PATHS = NO;
				CLANG_ANALYZER_NONNULL = YES;
				CLANG_CXX_LANGUAGE_STANDARD = "gnu++0x";
				CLANG_CXX_LIBRARY = "libc++";
				CLANG_ENABLE_MODULES = YES;
				CLANG_ENABLE_OBJC_ARC = YES;
				CLANG_WARN_BOOL_CONVERSION = YES;
				CLANG_WARN_CONSTANT_CONVERSION = YES;
				CLANG_WARN_DIRECT_OBJC_ISA_USAGE = YES_ERROR;
				CLANG_WARN_EMPTY_BODY = YES;
				CLANG_WARN_ENUM_CONVERSION = YES;
				CLANG_WARN_INT_CONVERSION = YES;
				CLANG_WARN_OBJC_ROOT_CLASS = YES_ERROR;
				CLANG_WARN_UNREACHABLE_CODE = YES;
				CLANG_WARN__DUPLICATE_METHOD_MATCH = YES;
				"CODE_SIGN_IDENTITY[sdk=iphoneos*]" = "iPhone Developer";
				COPY_PHASE_STRIP = NO;
				DEBUG_INFORMATION_FORMAT = dwarf;
				ENABLE_STRICT_OBJC_MSGSEND = YES;
				ENABLE_TESTABILITY = YES;
				GCC_C_LANGUAGE_STANDARD = gnu99;
				GCC_DYNAMIC_NO_PIC = NO;
				GCC_NO_COMMON_BLOCKS = YES;
				GCC_OPTIMIZATION_LEVEL = 0;
				GCC_PREPROCESSOR_DEFINITIONS = (
					"DEBUG=1",
					"$(inherited)",
				);
				GCC_WARN_64_TO_32_BIT_CONVERSION = YES;
				GCC_WARN_ABOUT_RETURN_TYPE = YES_ERROR;
				GCC_WARN_UNDECLARED_SELECTOR = YES;
				GCC_WARN_UNINITIALIZED_AUTOS = YES_AGGRESSIVE;
				GCC_WARN_UNUSED_FUNCTION = YES;
				GCC_WARN_UNUSED_VARIABLE = YES;
				IPHONEOS_DEPLOYMENT_TARGET = 9.3;
				MTL_ENABLE_DEBUG_INFO = YES;
				ONLY_ACTIVE_ARCH = YES;
				SDKROOT = iphoneos;
				TARGETED_DEVICE_FAMILY = "1,2";
			};
			name = Debug;
		};
		652EB4CB1D8FD18C0059589C /* Release */ = {
			isa = XCBuildConfiguration;
			buildSettings = {
				ALWAYS_SEARCH_USER_PATHS = NO;
				CLANG_ANALYZER_NONNULL = YES;
				CLANG_CXX_LANGUAGE_STANDARD = "gnu++0x";
				CLANG_CXX_LIBRARY = "libc++";
				CLANG_ENABLE_MODULES = YES;
				CLANG_ENABLE_OBJC_ARC = YES;
				CLANG_WARN_BOOL_CONVERSION = YES;
				CLANG_WARN_CONSTANT_CONVERSION = YES;
				CLANG_WARN_DIRECT_OBJC_ISA_USAGE = YES_ERROR;
				CLANG_WARN_EMPTY_BODY = YES;
				CLANG_WARN_ENUM_CONVERSION = YES;
				CLANG_WARN_INT_CONVERSION = YES;
				CLANG_WARN_OBJC_ROOT_CLASS = YES_ERROR;
				CLANG_WARN_UNREACHABLE_CODE = YES;
				CLANG_WARN__DUPLICATE_METHOD_MATCH = YES;
				"CODE_SIGN_IDENTITY[sdk=iphoneos*]" = "iPhone Developer";
				COPY_PHASE_STRIP = NO;
				DEBUG_INFORMATION_FORMAT = "dwarf-with-dsym";
				ENABLE_NS_ASSERTIONS = NO;
				ENABLE_STRICT_OBJC_MSGSEND = YES;
				GCC_C_LANGUAGE_STANDARD = gnu99;
				GCC_NO_COMMON_BLOCKS = YES;
				GCC_WARN_64_TO_32_BIT_CONVERSION = YES;
				GCC_WARN_ABOUT_RETURN_TYPE = YES_ERROR;
				GCC_WARN_UNDECLARED_SELECTOR = YES;
				GCC_WARN_UNINITIALIZED_AUTOS = YES_AGGRESSIVE;
				GCC_WARN_UNUSED_FUNCTION = YES;
				GCC_WARN_UNUSED_VARIABLE = YES;
				IPHONEOS_DEPLOYMENT_TARGET = 9.3;
				MTL_ENABLE_DEBUG_INFO = NO;
				SDKROOT = iphoneos;
				TARGETED_DEVICE_FAMILY = "1,2";
				VALIDATE_PRODUCT = YES;
			};
			name = Release;
		};
		652EB4CD1D8FD18C0059589C /* Debug */ = {
			isa = XCBuildConfiguration;
			baseConfigurationReference = 561FC572160984942B40E79E /* Pods.debug.xcconfig */;
			buildSettings = {
				ASSETCATALOG_COMPILER_APPICON_NAME = AppIcon;
				INFOPLIST_FILE = ShoppingCar/Info.plist;
				LD_RUNPATH_SEARCH_PATHS = "$(inherited) @executable_path/Frameworks";
				PRODUCT_BUNDLE_IDENTIFIER = zdy.ShoppingCar;
				PRODUCT_NAME = "$(TARGET_NAME)";
			};
			name = Debug;
		};
		652EB4CE1D8FD18C0059589C /* Release */ = {
			isa = XCBuildConfiguration;
			baseConfigurationReference = E6A48A54635951D86B543C2F /* Pods.release.xcconfig */;
			buildSettings = {
				ASSETCATALOG_COMPILER_APPICON_NAME = AppIcon;
				INFOPLIST_FILE = ShoppingCar/Info.plist;
				LD_RUNPATH_SEARCH_PATHS = "$(inherited) @executable_path/Frameworks";
				PRODUCT_BUNDLE_IDENTIFIER = zdy.ShoppingCar;
				PRODUCT_NAME = "$(TARGET_NAME)";
			};
			name = Release;
		};
		652EB4D01D8FD18C0059589C /* Debug */ = {
			isa = XCBuildConfiguration;
			buildSettings = {
				BUNDLE_LOADER = "$(TEST_HOST)";
				INFOPLIST_FILE = ShoppingCarTests/Info.plist;
				LD_RUNPATH_SEARCH_PATHS = "$(inherited) @executable_path/Frameworks @loader_path/Frameworks";
				PRODUCT_BUNDLE_IDENTIFIER = zdy.ShoppingCarTests;
				PRODUCT_NAME = "$(TARGET_NAME)";
				TEST_HOST = "$(BUILT_PRODUCTS_DIR)/ShoppingCar.app/ShoppingCar";
			};
			name = Debug;
		};
		652EB4D11D8FD18C0059589C /* Release */ = {
			isa = XCBuildConfiguration;
			buildSettings = {
				BUNDLE_LOADER = "$(TEST_HOST)";
				INFOPLIST_FILE = ShoppingCarTests/Info.plist;
				LD_RUNPATH_SEARCH_PATHS = "$(inherited) @executable_path/Frameworks @loader_path/Frameworks";
				PRODUCT_BUNDLE_IDENTIFIER = zdy.ShoppingCarTests;
				PRODUCT_NAME = "$(TARGET_NAME)";
				TEST_HOST = "$(BUILT_PRODUCTS_DIR)/ShoppingCar.app/ShoppingCar";
			};
			name = Release;
		};
		652EB4D31D8FD18C0059589C /* Debug */ = {
			isa = XCBuildConfiguration;
			buildSettings = {
				INFOPLIST_FILE = ShoppingCarUITests/Info.plist;
				LD_RUNPATH_SEARCH_PATHS = "$(inherited) @executable_path/Frameworks @loader_path/Frameworks";
				PRODUCT_BUNDLE_IDENTIFIER = zdy.ShoppingCarUITests;
				PRODUCT_NAME = "$(TARGET_NAME)";
				TEST_TARGET_NAME = ShoppingCar;
			};
			name = Debug;
		};
		652EB4D41D8FD18C0059589C /* Release */ = {
			isa = XCBuildConfiguration;
			buildSettings = {
				INFOPLIST_FILE = ShoppingCarUITests/Info.plist;
				LD_RUNPATH_SEARCH_PATHS = "$(inherited) @executable_path/Frameworks @loader_path/Frameworks";
				PRODUCT_BUNDLE_IDENTIFIER = zdy.ShoppingCarUITests;
				PRODUCT_NAME = "$(TARGET_NAME)";
				TEST_TARGET_NAME = ShoppingCar;
			};
			name = Release;
		};
/* End XCBuildConfiguration section */

/* Begin XCConfigurationList section */
		652EB49A1D8FD18C0059589C /* Build configuration list for PBXProject "ShoppingCar" */ = {
			isa = XCConfigurationList;
			buildConfigurations = (
				652EB4CA1D8FD18C0059589C /* Debug */,
				652EB4CB1D8FD18C0059589C /* Release */,
			);
			defaultConfigurationIsVisible = 0;
			defaultConfigurationName = Release;
		};
		652EB4CC1D8FD18C0059589C /* Build configuration list for PBXNativeTarget "ShoppingCar" */ = {
			isa = XCConfigurationList;
			buildConfigurations = (
				652EB4CD1D8FD18C0059589C /* Debug */,
				652EB4CE1D8FD18C0059589C /* Release */,
			);
			defaultConfigurationIsVisible = 0;
			defaultConfigurationName = Release;
		};
		652EB4CF1D8FD18C0059589C /* Build configuration list for PBXNativeTarget "ShoppingCarTests" */ = {
			isa = XCConfigurationList;
			buildConfigurations = (
				652EB4D01D8FD18C0059589C /* Debug */,
				652EB4D11D8FD18C0059589C /* Release */,
			);
			defaultConfigurationIsVisible = 0;
			defaultConfigurationName = Release;
		};
		652EB4D21D8FD18C0059589C /* Build configuration list for PBXNativeTarget "ShoppingCarUITests" */ = {
			isa = XCConfigurationList;
			buildConfigurations = (
				652EB4D31D8FD18C0059589C /* Debug */,
				652EB4D41D8FD18C0059589C /* Release */,
			);
			defaultConfigurationIsVisible = 0;
			defaultConfigurationName = Release;
		};
/* End XCConfigurationList section */
	};
	rootObject = 652EB4971D8FD18C0059589C /* Project object */;
}
